
Microsoft Visual Studio Solution File, Format Version 12.00
# Visual Studio Version 17
VisualStudioVersion = 17.6.33513.286
MinimumVisualStudioVersion = 10.0.40219.1
Project("{FAE04EC0-301F-11D3-BF4B-00C04F79EFBC}") = "CleanArch.Application", "CleanArch.Application\CleanArch.Application.csproj", "{45808803-2289-4AED-A716-B6A276C772D1}"
EndProject
Project("{FAE04EC0-301F-11D3-BF4B-00C04F79EFBC}") = "CleanArch.Domain", "CleanArch.Domain\CleanArch.Domain.csproj", "{F75C294A-F578-479C-B973-0CC02453C5A3}"
EndProject
Project("{FAE04EC0-301F-11D3-BF4B-00C04F79EFBC}") = "CleanArch.Infra.Data", "CleanArch.Infra.Data\CleanArch.Infra.Data.csproj", "{694A3505-062E-4D81-B8E8-B79248077E8C}"
EndProject
Project("{FAE04EC0-301F-11D3-BF4B-00C04F79EFBC}") = "CleanArch.Infra.IoC", "CleanArch.Infra.IoC\CleanArch.Infra.IoC.csproj", "{6B20A100-EBAE-420B-91FB-22FB19447247}"
EndProject
Project("{FAE04EC0-301F-11D3-BF4B-00C04F79EFBC}") = "CleanArch.MVC", "CleanArch.MVC\CleanArch.MVC.csproj", "{3547DBAB-D2C0-440D-8ADB-8E759D41B70F}"
EndProject
Global
	GlobalSection(SolutionConfigurationPlatforms) = preSolution
		Debug|Any CPU = Debug|Any CPU
		Release|Any CPU = Release|Any CPU
	EndGlobalSection
	GlobalSection(ProjectConfigurationPlatforms) = postSolution
		{45808803-2289-4AED-A716-B6A276C772D1}.Debug|Any CPU.ActiveCfg = Debug|Any CPU
		{45808803-2289-4AED-A716-B6A276C772D1}.Debug|Any CPU.Build.0 = Debug|Any CPU
		{45808803-2289-4AED-A716-B6A276C772D1}.Release|Any CPU.ActiveCfg = Release|Any CPU
		{45808803-2289-4AED-A716-B6A276C772D1}.Release|Any CPU.Build.0 = Release|Any CPU
		{F75C294A-F578-479C-B973-0CC02453C5A3}.Debug|Any CPU.ActiveCfg = Debug|Any CPU
		{F75C294A-F578-479C-B973-0CC02453C5A3}.Debug|Any CPU.Build.0 = Debug|Any CPU
		{F75C294A-F578-479C-B973-0CC02453C5A3}.Release|Any CPU.ActiveCfg = Release|Any CPU
		{F75C294A-F578-479C-B973-0CC02453C5A3}.Release|Any CPU.Build.0 = Release|Any CPU
		{694A3505-062E-4D81-B8E8-B79248077E8C}.Debug|Any CPU.ActiveCfg = Debug|Any CPU
		{694A3505-062E-4D81-B8E8-B79248077E8C}.Debug|Any CPU.Build.0 = Debug|Any CPU
		{694A3505-062E-4D81-B8E8-B79248077E8C}.Release|Any CPU.ActiveCfg = Release|Any CPU
		{694A3505-062E-4D81-B8E8-B79248077E8C}.Release|Any CPU.Build.0 = Release|Any CPU
		{6B20A100-EBAE-420B-91FB-22FB19447247}.Debug|Any CPU.ActiveCfg = Debug|Any CPU
		{6B20A100-EBAE-420B-91FB-22FB19447247}.Debug|Any CPU.Build.0 = Debug|Any CPU
		{6B20A100-EBAE-420B-91FB-22FB19447247}.Release|Any CPU.ActiveCfg = Release|Any CPU
		{6B20A100-EBAE-420B-91FB-22FB19447247}.Release|Any CPU.Build.0 = Release|Any CPU
		{3547DBAB-D2C0-440D-8ADB-8E759D41B70F}.Debug|Any CPU.ActiveCfg = Debug|Any CPU
		{3547DBAB-D2C0-440D-8ADB-8E759D41B70F}.Debug|Any CPU.Build.0 = Debug|Any CPU
		{3547DBAB-D2C0-440D-8ADB-8E759D41B70F}.Release|Any CPU.ActiveCfg = Release|Any CPU
		{3547DBAB-D2C0-440D-8ADB-8E759D41B70F}.Release|Any CPU.Build.0 = Release|Any CPU
	EndGlobalSection
	GlobalSection(SolutionProperties) = preSolution
		HideSolutionNode = FALSE
	EndGlobalSection
	GlobalSection(ExtensibilityGlobals) = postSolution
		SolutionGuid = {6C814CF1-9C9E-4C5F-AAB2-7FD179760C43}
	EndGlobalSection
EndGlobal
